
Microsoft Visual Studio Solution File, Format Version 12.00
# Visual Studio Version 17
VisualStudioVersion = 17.5.33516.290
MinimumVisualStudioVersion = 10.0.40219.1
Project("{9A19103F-16F7-4668-BE54-9A1E7A4F7556}") = "S10257116_ShippingApp", "S10257116_ShippingApp\S10257116_ShippingApp.csproj", "{EF9C78B5-87B5-44FF-AD57-F3C4BE41BE6C}"
EndProject
Project("{9A19103F-16F7-4668-BE54-9A1E7A4F7556}") = "s10257116_PosApp", "s10257116_PosApp\s10257116_PosApp.csproj", "{A611D472-15EC-4CE2-B060-2362724F0F30}"
EndProject
Project("{FAE04EC0-301F-11D3-BF4B-00C04F79EFBC}") = "S10257116_HospitalApp", "S10257116_HospitalApp\S10257116_HospitalApp.csproj", "{BB3A2032-A409-4D17-BF2B-E31506450FDE}"
EndProject
Global
	GlobalSection(SolutionConfigurationPlatforms) = preSolution
		Debug|Any CPU = Debug|Any CPU
		Release|Any CPU = Release|Any CPU
	EndGlobalSection
	GlobalSection(ProjectConfigurationPlatforms) = postSolution
		{EF9C78B5-87B5-44FF-AD57-F3C4BE41BE6C}.Debug|Any CPU.ActiveCfg = Debug|Any CPU
		{EF9C78B5-87B5-44FF-AD57-F3C4BE41BE6C}.Debug|Any CPU.Build.0 = Debug|Any CPU
		{EF9C78B5-87B5-44FF-AD57-F3C4BE41BE6C}.Release|Any CPU.ActiveCfg = Release|Any CPU
		{EF9C78B5-87B5-44FF-AD57-F3C4BE41BE6C}.Release|Any CPU.Build.0 = Release|Any CPU
		{A611D472-15EC-4CE2-B060-2362724F0F30}.Debug|Any CPU.ActiveCfg = Debug|Any CPU
		{A611D472-15EC-4CE2-B060-2362724F0F30}.Debug|Any CPU.Build.0 = Debug|Any CPU
		{A611D472-15EC-4CE2-B060-2362724F0F30}.Release|Any CPU.ActiveCfg = Release|Any CPU
		{A611D472-15EC-4CE2-B060-2362724F0F30}.Release|Any CPU.Build.0 = Release|Any CPU
		{BB3A2032-A409-4D17-BF2B-E31506450FDE}.Debug|Any CPU.ActiveCfg = Debug|Any CPU
		{BB3A2032-A409-4D17-BF2B-E31506450FDE}.Debug|Any CPU.Build.0 = Debug|Any CPU
		{BB3A2032-A409-4D17-BF2B-E31506450FDE}.Release|Any CPU.ActiveCfg = Release|Any CPU
		{BB3A2032-A409-4D17-BF2B-E31506450FDE}.Release|Any CPU.Build.0 = Release|Any CPU
	EndGlobalSection
	GlobalSection(SolutionProperties) = preSolution
		HideSolutionNode = FALSE
	EndGlobalSection
	GlobalSection(ExtensibilityGlobals) = postSolution
		SolutionGuid = {0060E9A0-82B1-44A4-AACD-19A35005262F}
	EndGlobalSection
EndGlobal
